
Microsoft Visual Studio Solution File, Format Version 12.00
# Visual Studio 2013
VisualStudioVersion = 12.0.31101.0
MinimumVisualStudioVersion = 10.0.40219.1
Project("{2150E333-8FDC-42A3-9474-1A3956D46DE8}") = "Solution Items", "Solution Items", "{67D084BD-F49E-422A-A88E-446F0CFEA1BD}"
EndProject
Project("{9092AA53-FB77-4645-B42D-1CCCA6BD08BD}") = "oj", "oj.njsproj", "{7B39F7BC-017B-4DCD-9E99-D33F30E403F3}"
EndProject
Global
	GlobalSection(SolutionConfigurationPlatforms) = preSolution
		Debug|Any CPU = Debug|Any CPU
		Release|Any CPU = Release|Any CPU
	EndGlobalSection
	GlobalSection(ProjectConfigurationPlatforms) = postSolution
		{7B39F7BC-017B-4DCD-9E99-D33F30E403F3}.Debug|Any CPU.ActiveCfg = Debug|Any CPU
		{7B39F7BC-017B-4DCD-9E99-D33F30E403F3}.Release|Any CPU.ActiveCfg = Release|Any CPU
	EndGlobalSection
	GlobalSection(SolutionProperties) = preSolution
		HideSolutionNode = FALSE
	EndGlobalSection
	GlobalSection(NestedProjects) = preSolution
		{7B39F7BC-017B-4DCD-9E99-D33F30E403F3} = {67D084BD-F49E-422A-A88E-446F0CFEA1BD}
	EndGlobalSection
	GlobalSection(CodealikeProperties) = postSolution
		SolutionGuid = 6b117e64-89cb-4486-b8d2-e7ee0f3bab7c
	EndGlobalSection
EndGlobal
